// !$*UTF8*$!
{
	archiveVersion = 1;
	classes = {
	};
	objectVersion = 77;
	objects = {

/* Begin PBXBuildFile section */
		60E865E32E7534D60052A618 /* RealityKitContent in Frameworks */ = {isa = PBXBuildFile; productRef = 60E865E22E7534D60052A618 /* RealityKitContent */; };
		60E866A12E75AF7C0052A618 /* RealityKitContent in Frameworks */ = {isa = PBXBuildFile; productRef = 60E866A02E75AF7C0052A618 /* RealityKitContent */; };
/* End PBXBuildFile section */

/* Begin PBXContainerItemProxy section */
		60E865F62E7534DA0052A618 /* PBXContainerItemProxy */ = {
			isa = PBXContainerItemProxy;
			containerPortal = 60E865D52E7534D60052A618 /* Project object */;
			proxyType = 1;
			remoteGlobalIDString = 60E865DC2E7534D60052A618;
			remoteInfo = developmentVR;
		};
		60E866B42E75AF7F0052A618 /* PBXContainerItemProxy */ = {
			isa = PBXContainerItemProxy;
			containerPortal = 60E865D52E7534D60052A618 /* Project object */;
			proxyType = 1;
			remoteGlobalIDString = 60E8669D2E75AF7C0052A618;
			remoteInfo = devVRPlan;
		};
/* End PBXContainerItemProxy section */

/* Begin PBXFileReference section */
		60E865DD2E7534D60052A618 /* developmentVR.app */ = {isa = PBXFileReference; explicitFileType = wrapper.application; includeInIndex = 0; path = developmentVR.app; sourceTree = BUILT_PRODUCTS_DIR; };
		60E865E12E7534D60052A618 /* RealityKitContent */ = {isa = PBXFileReference; lastKnownFileType = wrapper; path = RealityKitContent; sourceTree = "<group>"; };
		60E865F52E7534DA0052A618 /* developmentVRTests.xctest */ = {isa = PBXFileReference; explicitFileType = wrapper.cfbundle; includeInIndex = 0; path = developmentVRTests.xctest; sourceTree = BUILT_PRODUCTS_DIR; };
		60E8669E2E75AF7C0052A618 /* devVRPlan.app */ = {isa = PBXFileReference; explicitFileType = wrapper.application; includeInIndex = 0; path = devVRPlan.app; sourceTree = BUILT_PRODUCTS_DIR; };
		60E866B32E75AF7F0052A618 /* devVRPlanTests.xctest */ = {isa = PBXFileReference; explicitFileType = wrapper.cfbundle; includeInIndex = 0; path = devVRPlanTests.xctest; sourceTree = BUILT_PRODUCTS_DIR; };
/* End PBXFileReference section */

/* Begin PBXFileSystemSynchronizedBuildFileExceptionSet section */
		60E865FB2E7534DA0052A618 /* Exceptions for "developmentVR" folder in "developmentVR" target */ = {
			isa = PBXFileSystemSynchronizedBuildFileExceptionSet;
			membershipExceptions = (
				Info.plist,
			);
			target = 60E865DC2E7534D60052A618 /* developmentVR */;
		};
/* End PBXFileSystemSynchronizedBuildFileExceptionSet section */

/* Begin PBXFileSystemSynchronizedRootGroup section */
		60E865DF2E7534D60052A618 /* developmentVR */ = {
			isa = PBXFileSystemSynchronizedRootGroup;
			exceptions = (
				60E865FB2E7534DA0052A618 /* Exceptions for "developmentVR" folder in "developmentVR" target */,
			);
			path = developmentVR;
			sourceTree = "<group>";
		};
		60E865F82E7534DA0052A618 /* developmentVRTests */ = {
			isa = PBXFileSystemSynchronizedRootGroup;
			path = developmentVRTests;
			sourceTree = "<group>";
		};
/* End PBXFileSystemSynchronizedRootGroup section */

/* Begin PBXFrameworksBuildPhase section */
		60E865DA2E7534D60052A618 /* Frameworks */ = {
			isa = PBXFrameworksBuildPhase;
			buildActionMask = 2147483647;
			files = (
				60E865E32E7534D60052A618 /* RealityKitContent in Frameworks */,
			);
			runOnlyForDeploymentPostprocessing = 0;
		};
		60E865F22E7534DA0052A618 /* Frameworks */ = {
			isa = PBXFrameworksBuildPhase;
			buildActionMask = 2147483647;
			files = (
			);
			runOnlyForDeploymentPostprocessing = 0;
		};
		60E8669B2E75AF7C0052A618 /* Frameworks */ = {
			isa = PBXFrameworksBuildPhase;
			buildActionMask = 2147483647;
			files = (
				60E866A12E75AF7C0052A618 /* RealityKitContent in Frameworks */,
			);
			runOnlyForDeploymentPostprocessing = 0;
		};
		60E866B02E75AF7F0052A618 /* Frameworks */ = {
			isa = PBXFrameworksBuildPhase;
			buildActionMask = 2147483647;
			files = (
			);
			runOnlyForDeploymentPostprocessing = 0;
		};
/* End PBXFrameworksBuildPhase section */

/* Begin PBXGroup section */
		60E865D42E7534D60052A618 = {
			isa = PBXGroup;
			children = (
				60E865DF2E7534D60052A618 /* developmentVR */,
				60E865E02E7534D60052A618 /* Packages */,
				60E865F82E7534DA0052A618 /* developmentVRTests */,
				60E865DE2E7534D60052A618 /* Products */,
			);
			sourceTree = "<group>";
		};
		60E865DE2E7534D60052A618 /* Products */ = {
			isa = PBXGroup;
			children = (
				60E865DD2E7534D60052A618 /* developmentVR.app */,
				60E865F52E7534DA0052A618 /* developmentVRTests.xctest */,
				60E8669E2E75AF7C0052A618 /* devVRPlan.app */,
				60E866B32E75AF7F0052A618 /* devVRPlanTests.xctest */,
			);
			name = Products;
			sourceTree = "<group>";
		};
		60E865E02E7534D60052A618 /* Packages */ = {
			isa = PBXGroup;
			children = (
				60E865E12E7534D60052A618 /* RealityKitContent */,
			);
			path = Packages;
			sourceTree = "<group>";
		};
/* End PBXGroup section */

/* Begin PBXNativeTarget section */
		60E865DC2E7534D60052A618 /* developmentVR */ = {
			isa = PBXNativeTarget;
			buildConfigurationList = 60E865FC2E7534DA0052A618 /* Build configuration list for PBXNativeTarget "developmentVR" */;
			buildPhases = (
				60E865D92E7534D60052A618 /* Sources */,
				60E865DA2E7534D60052A618 /* Frameworks */,
				60E865DB2E7534D60052A618 /* Resources */,
			);
			buildRules = (
			);
			dependencies = (
			);
			fileSystemSynchronizedGroups = (
				60E865DF2E7534D60052A618 /* developmentVR */,
			);
			name = developmentVR;
			packageProductDependencies = (
				60E865E22E7534D60052A618 /* RealityKitContent */,
			);
			productName = developmentVR;
			productReference = 60E865DD2E7534D60052A618 /* developmentVR.app */;
			productType = "com.apple.product-type.application";
		};
		60E865F42E7534DA0052A618 /* developmentVRTests */ = {
			isa = PBXNativeTarget;
			buildConfigurationList = 60E866012E7534DA0052A618 /* Build configuration list for PBXNativeTarget "developmentVRTests" */;
			buildPhases = (
				60E865F12E7534DA0052A618 /* Sources */,
				60E865F22E7534DA0052A618 /* Frameworks */,
				60E865F32E7534DA0052A618 /* Resources */,
			);
			buildRules = (
			);
			dependencies = (
				60E865F72E7534DA0052A618 /* PBXTargetDependency */,
			);
			fileSystemSynchronizedGroups = (
				60E865F82E7534DA0052A618 /* developmentVRTests */,
			);
			name = developmentVRTests;
			packageProductDependencies = (
			);
			productName = developmentVRTests;
			productReference = 60E865F52E7534DA0052A618 /* developmentVRTests.xctest */;
			productType = "com.apple.product-type.bundle.unit-test";
		};
		60E8669D2E75AF7C0052A618 /* devVRPlan */ = {
			isa = PBXNativeTarget;
			buildConfigurationList = 60E866BE2E75AF7F0052A618 /* Build configuration list for PBXNativeTarget "devVRPlan" */;
			buildPhases = (
				60E8669A2E75AF7C0052A618 /* Sources */,
				60E8669B2E75AF7C0052A618 /* Frameworks */,
				60E8669C2E75AF7C0052A618 /* Resources */,
			);
			buildRules = (
			);
			dependencies = (
			);
			name = devVRPlan;
			packageProductDependencies = (
				60E866A02E75AF7C0052A618 /* RealityKitContent */,
			);
			productName = devVRPlan;
			productReference = 60E8669E2E75AF7C0052A618 /* devVRPlan.app */;
			productType = "com.apple.product-type.application";
		};
		60E866B22E75AF7F0052A618 /* devVRPlanTests */ = {
			isa = PBXNativeTarget;
			buildConfigurationList = 60E866BF2E75AF7F0052A618 /* Build configuration list for PBXNativeTarget "devVRPlanTests" */;
			buildPhases = (
				60E866AF2E75AF7F0052A618 /* Sources */,
				60E866B02E75AF7F0052A618 /* Frameworks */,
				60E866B12E75AF7F0052A618 /* Resources */,
			);
			buildRules = (
			);
			dependencies = (
				60E866B52E75AF7F0052A618 /* PBXTargetDependency */,
			);
			name = devVRPlanTests;
			packageProductDependencies = (
			);
			productName = devVRPlanTests;
			productReference = 60E866B32E75AF7F0052A618 /* devVRPlanTests.xctest */;
			productType = "com.apple.product-type.bundle.unit-test";
		};
/* End PBXNativeTarget section */

/* Begin PBXProject section */
		60E865D52E7534D60052A618 /* Project object */ = {
			isa = PBXProject;
			attributes = {
				BuildIndependentTargetsInParallel = 1;
				LastSwiftUpdateCheck = 1640;
				LastUpgradeCheck = 1640;
				TargetAttributes = {
					60E865DC2E7534D60052A618 = {
						CreatedOnToolsVersion = 16.4;
					};
					60E865F42E7534DA0052A618 = {
						CreatedOnToolsVersion = 16.4;
						TestTargetID = 60E865DC2E7534D60052A618;
					};
					60E8669D2E75AF7C0052A618 = {
						CreatedOnToolsVersion = 16.4;
					};
					60E866B22E75AF7F0052A618 = {
						CreatedOnToolsVersion = 16.4;
						TestTargetID = 60E8669D2E75AF7C0052A618;
					};
				};
			};
			buildConfigurationList = 60E865D82E7534D60052A618 /* Build configuration list for PBXProject "developmentVR" */;
			developmentRegion = en;
			hasScannedForEncodings = 0;
			knownRegions = (
				en,
				Base,
			);
			mainGroup = 60E865D42E7534D60052A618;
			minimizedProjectReferenceProxies = 1;
			preferredProjectObjectVersion = 77;
			productRefGroup = 60E865DE2E7534D60052A618 /* Products */;
			projectDirPath = "";
			projectRoot = "";
			targets = (
				60E865DC2E7534D60052A618 /* developmentVR */,
				60E865F42E7534DA0052A618 /* developmentVRTests */,
				60E8669D2E75AF7C0052A618 /* devVRPlan */,
				60E866B22E75AF7F0052A618 /* devVRPlanTests */,
			);
		};
/* End PBXProject section */

/* Begin PBXResourcesBuildPhase section */
		60E865DB2E7534D60052A618 /* Resources */ = {
			isa = PBXResourcesBuildPhase;
			buildActionMask = 2147483647;
			files = (
			);
			runOnlyForDeploymentPostprocessing = 0;
		};
		60E865F32E7534DA0052A618 /* Resources */ = {
			isa = PBXResourcesBuildPhase;
			buildActionMask = 2147483647;
			files = (
			);
			runOnlyForDeploymentPostprocessing = 0;
		};
		60E8669C2E75AF7C0052A618 /* Resources */ = {
			isa = PBXResourcesBuildPhase;
			buildActionMask = 2147483647;
			files = (
			);
			runOnlyForDeploymentPostprocessing = 0;
		};
		60E866B12E75AF7F0052A618 /* Resources */ = {
			isa = PBXResourcesBuildPhase;
			buildActionMask = 2147483647;
			files = (
			);
			runOnlyForDeploymentPostprocessing = 0;
		};
/* End PBXResourcesBuildPhase section */

/* Begin PBXSourcesBuildPhase section */
		60E865D92E7534D60052A618 /* Sources */ = {
			isa = PBXSourcesBuildPhase;
			buildActionMask = 2147483647;
			files = (
			);
			runOnlyForDeploymentPostprocessing = 0;
		};
		60E865F12E7534DA0052A618 /* Sources */ = {
			isa = PBXSourcesBuildPhase;
			buildActionMask = 2147483647;
			files = (
			);
			runOnlyForDeploymentPostprocessing = 0;
		};
		60E8669A2E75AF7C0052A618 /* Sources */ = {
			isa = PBXSourcesBuildPhase;
			buildActionMask = 2147483647;
			files = (
			);
			runOnlyForDeploymentPostprocessing = 0;
		};
		60E866AF2E75AF7F0052A618 /* Sources */ = {
			isa = PBXSourcesBuildPhase;
			buildActionMask = 2147483647;
			files = (
			);
			runOnlyForDeploymentPostprocessing = 0;
		};
/* End PBXSourcesBuildPhase section */

/* Begin PBXTargetDependency section */
		60E865F72E7534DA0052A618 /* PBXTargetDependency */ = {
			isa = PBXTargetDependency;
			target = 60E865DC2E7534D60052A618 /* developmentVR */;
			targetProxy = 60E865F62E7534DA0052A618 /* PBXContainerItemProxy */;
		};
		60E866B52E75AF7F0052A618 /* PBXTargetDependency */ = {
			isa = PBXTargetDependency;
			target = 60E8669D2E75AF7C0052A618 /* devVRPlan */;
			targetProxy = 60E866B42E75AF7F0052A618 /* PBXContainerItemProxy */;
		};
/* End PBXTargetDependency section */

/* Begin XCBuildConfiguration section */
		60E865FD2E7534DA0052A618 /* Debug */ = {
			isa = XCBuildConfiguration;
			buildSettings = {
				ASSETCATALOG_COMPILER_APPICON_NAME = AppIcon;
				ASSETCATALOG_COMPILER_GLOBAL_ACCENT_COLOR_NAME = AccentColor;
				CODE_SIGN_STYLE = Automatic;
				CURRENT_PROJECT_VERSION = 1;
				ENABLE_PREVIEWS = YES;
				GENERATE_INFOPLIST_FILE = YES;
				INFOPLIST_FILE = "$(TARGET_NAME)/Info.plist";
				LD_RUNPATH_SEARCH_PATHS = (
					"$(inherited)",
					"@executable_path/Frameworks",
				);
				MARKETING_VERSION = 1.0;
				PRODUCT_BUNDLE_IDENTIFIER = hares.developmentVR;
				PRODUCT_NAME = "$(TARGET_NAME)";
				SUPPORTED_PLATFORMS = "xros xrsimulator";
				SWIFT_EMIT_LOC_STRINGS = YES;
				SWIFT_VERSION = 5.0;
				TARGETED_DEVICE_FAMILY = 7;
			};
			name = Debug;
		};
		60E865FE2E7534DA0052A618 /* Release */ = {
			isa = XCBuildConfiguration;
			buildSettings = {
				ASSETCATALOG_COMPILER_APPICON_NAME = AppIcon;
				ASSETCATALOG_COMPILER_GLOBAL_ACCENT_COLOR_NAME = AccentColor;
				CODE_SIGN_STYLE = Automatic;
				CURRENT_PROJECT_VERSION = 1;
				ENABLE_PREVIEWS = YES;
				GENERATE_INFOPLIST_FILE = YES;
				INFOPLIST_FILE = "$(TARGET_NAME)/Info.plist";
				LD_RUNPATH_SEARCH_PATHS = (
					"$(inherited)",
					"@executable_path/Frameworks",
				);
				MARKETING_VERSION = 1.0;
				PRODUCT_BUNDLE_IDENTIFIER = hares.developmentVR;
				PRODUCT_NAME = "$(TARGET_NAME)";
				SUPPORTED_PLATFORMS = "xros xrsimulator";
				SWIFT_EMIT_LOC_STRINGS = YES;
				SWIFT_VERSION = 5.0;
				TARGETED_DEVICE_FAMILY = 7;
			};
			name = Release;
		};
		60E865FF2E7534DA0052A618 /* Debug */ = {
			isa = XCBuildConfiguration;
			buildSettings = {
				ALWAYS_SEARCH_USER_PATHS = NO;
				ASSETCATALOG_COMPILER_GENERATE_SWIFT_ASSET_SYMBOL_EXTENSIONS = YES;
				CLANG_ANALYZER_NONNULL = YES;
				CLANG_ANALYZER_NUMBER_OBJECT_CONVERSION = YES_AGGRESSIVE;
				CLANG_CXX_LANGUAGE_STANDARD = "gnu++20";
				CLANG_ENABLE_MODULES = YES;
				CLANG_ENABLE_OBJC_ARC = YES;
				CLANG_ENABLE_OBJC_WEAK = YES;
				CLANG_WARN_BLOCK_CAPTURE_AUTORELEASING = YES;
				CLANG_WARN_BOOL_CONVERSION = YES;
				CLANG_WARN_COMMA = YES;
				CLANG_WARN_CONSTANT_CONVERSION = YES;
				CLANG_WARN_DEPRECATED_OBJC_IMPLEMENTATIONS = YES;
				CLANG_WARN_DIRECT_OBJC_ISA_USAGE = YES_ERROR;
				CLANG_WARN_DOCUMENTATION_COMMENTS = YES;
				CLANG_WARN_EMPTY_BODY = YES;
				CLANG_WARN_ENUM_CONVERSION = YES;
				CLANG_WARN_INFINITE_RECURSION = YES;
				CLANG_WARN_INT_CONVERSION = YES;
				CLANG_WARN_NON_LITERAL_NULL_CONVERSION = YES;
				CLANG_WARN_OBJC_IMPLICIT_RETAIN_SELF = YES;
				CLANG_WARN_OBJC_LITERAL_CONVERSION = YES;
				CLANG_WARN_OBJC_ROOT_CLASS = YES_ERROR;
				CLANG_WARN_QUOTED_INCLUDE_IN_FRAMEWORK_HEADER = YES;
				CLANG_WARN_RANGE_LOOP_ANALYSIS = YES;
				CLANG_WARN_STRICT_PROTOTYPES = YES;
				CLANG_WARN_SUSPICIOUS_MOVE = YES;
				CLANG_WARN_UNGUARDED_AVAILABILITY = YES_AGGRESSIVE;
				CLANG_WARN_UNREACHABLE_CODE = YES;
				CLANG_WARN__DUPLICATE_METHOD_MATCH = YES;
				COPY_PHASE_STRIP = NO;
				DEBUG_INFORMATION_FORMAT = dwarf;
				ENABLE_STRICT_OBJC_MSGSEND = YES;
				ENABLE_TESTABILITY = YES;
				ENABLE_USER_SCRIPT_SANDBOXING = YES;
				GCC_C_LANGUAGE_STANDARD = gnu17;
				GCC_DYNAMIC_NO_PIC = NO;
				GCC_NO_COMMON_BLOCKS = YES;
				GCC_OPTIMIZATION_LEVEL = 0;
				GCC_PREPROCESSOR_DEFINITIONS = (
					"DEBUG=1",
					"$(inherited)",
				);
				GCC_WARN_64_TO_32_BIT_CONVERSION = YES;
				GCC_WARN_ABOUT_RETURN_TYPE = YES_ERROR;
				GCC_WARN_UNDECLARED_SELECTOR = YES;
				GCC_WARN_UNINITIALIZED_AUTOS = YES_AGGRESSIVE;
				GCC_WARN_UNUSED_FUNCTION = YES;
				GCC_WARN_UNUSED_VARIABLE = YES;
				LOCALIZATION_PREFERS_STRING_CATALOGS = YES;
				MTL_ENABLE_DEBUG_INFO = INCLUDE_SOURCE;
				MTL_FAST_MATH = YES;
				ONLY_ACTIVE_ARCH = YES;
				SDKROOT = xros;
				SWIFT_ACTIVE_COMPILATION_CONDITIONS = "DEBUG $(inherited)";
				SWIFT_OPTIMIZATION_LEVEL = "-Onone";
				XROS_DEPLOYMENT_TARGET = 2.5;
			};
			name = Debug;
		};
		60E866002E7534DA0052A618 /* Release */ = {
			isa = XCBuildConfiguration;
			buildSettings = {
				ALWAYS_SEARCH_USER_PATHS = NO;
				ASSETCATALOG_COMPILER_GENERATE_SWIFT_ASSET_SYMBOL_EXTENSIONS = YES;
				CLANG_ANALYZER_NONNULL = YES;
				CLANG_ANALYZER_NUMBER_OBJECT_CONVERSION = YES_AGGRESSIVE;
				CLANG_CXX_LANGUAGE_STANDARD = "gnu++20";
				CLANG_ENABLE_MODULES = YES;
				CLANG_ENABLE_OBJC_ARC = YES;
				CLANG_ENABLE_OBJC_WEAK = YES;
				CLANG_WARN_BLOCK_CAPTURE_AUTORELEASING = YES;
				CLANG_WARN_BOOL_CONVERSION = YES;
				CLANG_WARN_COMMA = YES;
				CLANG_WARN_CONSTANT_CONVERSION = YES;
				CLANG_WARN_DEPRECATED_OBJC_IMPLEMENTATIONS = YES;
				CLANG_WARN_DIRECT_OBJC_ISA_USAGE = YES_ERROR;
				CLANG_WARN_DOCUMENTATION_COMMENTS = YES;
				CLANG_WARN_EMPTY_BODY = YES;
				CLANG_WARN_ENUM_CONVERSION = YES;
				CLANG_WARN_INFINITE_RECURSION = YES;
				CLANG_WARN_INT_CONVERSION = YES;
				CLANG_WARN_NON_LITERAL_NULL_CONVERSION = YES;
				CLANG_WARN_OBJC_IMPLICIT_RETAIN_SELF = YES;
				CLANG_WARN_OBJC_LITERAL_CONVERSION = YES;
				CLANG_WARN_OBJC_ROOT_CLASS = YES_ERROR;
				CLANG_WARN_QUOTED_INCLUDE_IN_FRAMEWORK_HEADER = YES;
				CLANG_WARN_RANGE_LOOP_ANALYSIS = YES;
				CLANG_WARN_STRICT_PROTOTYPES = YES;
				CLANG_WARN_SUSPICIOUS_MOVE = YES;
				CLANG_WARN_UNGUARDED_AVAILABILITY = YES_AGGRESSIVE;
				CLANG_WARN_UNREACHABLE_CODE = YES;
				CLANG_WARN__DUPLICATE_METHOD_MATCH = YES;
				COPY_PHASE_STRIP = NO;
				DEBUG_INFORMATION_FORMAT = "dwarf-with-dsym";
				ENABLE_NS_ASSERTIONS = NO;
				ENABLE_STRICT_OBJC_MSGSEND = YES;
				ENABLE_USER_SCRIPT_SANDBOXING = YES;
				GCC_C_LANGUAGE_STANDARD = gnu17;
				GCC_NO_COMMON_BLOCKS = YES;
				GCC_WARN_64_TO_32_BIT_CONVERSION = YES;
				GCC_WARN_ABOUT_RETURN_TYPE = YES_ERROR;
				GCC_WARN_UNDECLARED_SELECTOR = YES;
				GCC_WARN_UNINITIALIZED_AUTOS = YES_AGGRESSIVE;
				GCC_WARN_UNUSED_FUNCTION = YES;
				GCC_WARN_UNUSED_VARIABLE = YES;
				LOCALIZATION_PREFERS_STRING_CATALOGS = YES;
				MTL_ENABLE_DEBUG_INFO = NO;
				MTL_FAST_MATH = YES;
				SDKROOT = xros;
				SWIFT_COMPILATION_MODE = wholemodule;
				VALIDATE_PRODUCT = YES;
				XROS_DEPLOYMENT_TARGET = 2.5;
			};
			name = Release;
		};
		60E866022E7534DA0052A618 /* Debug */ = {
			isa = XCBuildConfiguration;
			buildSettings = {
				BUNDLE_LOADER = "$(TEST_HOST)";
				CODE_SIGN_STYLE = Automatic;
				CURRENT_PROJECT_VERSION = 1;
				GENERATE_INFOPLIST_FILE = YES;
				MARKETING_VERSION = 1.0;
				PRODUCT_BUNDLE_IDENTIFIER = hares.developmentVRTests;
				PRODUCT_NAME = "$(TARGET_NAME)";
				SUPPORTED_PLATFORMS = "xros xrsimulator";
				SWIFT_EMIT_LOC_STRINGS = NO;
				SWIFT_VERSION = 5.0;
				TARGETED_DEVICE_FAMILY = 7;
				TEST_HOST = "$(BUILT_PRODUCTS_DIR)/developmentVR.app/$(BUNDLE_EXECUTABLE_FOLDER_PATH)/developmentVR";
				XROS_DEPLOYMENT_TARGET = 2.5;
			};
			name = Debug;
		};
		60E866032E7534DA0052A618 /* Release */ = {
			isa = XCBuildConfiguration;
			buildSettings = {
				BUNDLE_LOADER = "$(TEST_HOST)";
				CODE_SIGN_STYLE = Automatic;
				CURRENT_PROJECT_VERSION = 1;
				GENERATE_INFOPLIST_FILE = YES;
				MARKETING_VERSION = 1.0;
				PRODUCT_BUNDLE_IDENTIFIER = hares.developmentVRTests;
				PRODUCT_NAME = "$(TARGET_NAME)";
				SUPPORTED_PLATFORMS = "xros xrsimulator";
				SWIFT_EMIT_LOC_STRINGS = NO;
				SWIFT_VERSION = 5.0;
				TARGETED_DEVICE_FAMILY = 7;
				TEST_HOST = "$(BUILT_PRODUCTS_DIR)/developmentVR.app/$(BUNDLE_EXECUTABLE_FOLDER_PATH)/developmentVR";
				XROS_DEPLOYMENT_TARGET = 2.5;
			};
			name = Release;
		};
		60E866B92E75AF7F0052A618 /* Debug */ = {
			isa = XCBuildConfiguration;
			buildSettings = {
				ASSETCATALOG_COMPILER_APPICON_NAME = AppIcon;
				ASSETCATALOG_COMPILER_GLOBAL_ACCENT_COLOR_NAME = AccentColor;
				CODE_SIGN_STYLE = Automatic;
				CURRENT_PROJECT_VERSION = 1;
				ENABLE_PREVIEWS = YES;
				GENERATE_INFOPLIST_FILE = YES;
				INFOPLIST_FILE = "$(TARGET_NAME)/Info.plist";
				LD_RUNPATH_SEARCH_PATHS = (
					"$(inherited)",
					"@executable_path/Frameworks",
				);
				MARKETING_VERSION = 1.0;
				PRODUCT_BUNDLE_IDENTIFIER = hares.devVRPlan;
				PRODUCT_NAME = "$(TARGET_NAME)";
				SUPPORTED_PLATFORMS = "xros xrsimulator";
				SWIFT_EMIT_LOC_STRINGS = YES;
				SWIFT_VERSION = 5.0;
				TARGETED_DEVICE_FAMILY = 7;
			};
			name = Debug;
		};
		60E866BA2E75AF7F0052A618 /* Release */ = {
			isa = XCBuildConfiguration;
			buildSettings = {
				ASSETCATALOG_COMPILER_APPICON_NAME = AppIcon;
				ASSETCATALOG_COMPILER_GLOBAL_ACCENT_COLOR_NAME = AccentColor;
				CODE_SIGN_STYLE = Automatic;
				CURRENT_PROJECT_VERSION = 1;
				ENABLE_PREVIEWS = YES;
				GENERATE_INFOPLIST_FILE = YES;
				INFOPLIST_FILE = "$(TARGET_NAME)/Info.plist";
				LD_RUNPATH_SEARCH_PATHS = (
					"$(inherited)",
					"@executable_path/Frameworks",
				);
				MARKETING_VERSION = 1.0;
				PRODUCT_BUNDLE_IDENTIFIER = hares.devVRPlan;
				PRODUCT_NAME = "$(TARGET_NAME)";
				SUPPORTED_PLATFORMS = "xros xrsimulator";
				SWIFT_EMIT_LOC_STRINGS = YES;
				SWIFT_VERSION = 5.0;
				TARGETED_DEVICE_FAMILY = 7;
			};
			name = Release;
		};
		60E866BB2E75AF7F0052A618 /* Debug */ = {
			isa = XCBuildConfiguration;
			buildSettings = {
				BUNDLE_LOADER = "$(TEST_HOST)";
				CODE_SIGN_STYLE = Automatic;
				CURRENT_PROJECT_VERSION = 1;
				GENERATE_INFOPLIST_FILE = YES;
				MARKETING_VERSION = 1.0;
				PRODUCT_BUNDLE_IDENTIFIER = hares.devVRPlanTests;
				PRODUCT_NAME = "$(TARGET_NAME)";
				SUPPORTED_PLATFORMS = "xros xrsimulator";
				SWIFT_EMIT_LOC_STRINGS = NO;
				SWIFT_VERSION = 5.0;
				TARGETED_DEVICE_FAMILY = 7;
				TEST_HOST = "$(BUILT_PRODUCTS_DIR)/devVRPlan.app/$(BUNDLE_EXECUTABLE_FOLDER_PATH)/devVRPlan";
				XROS_DEPLOYMENT_TARGET = 2.5;
			};
			name = Debug;
		};
		60E866BC2E75AF7F0052A618 /* Release */ = {
			isa = XCBuildConfiguration;
			buildSettings = {
				BUNDLE_LOADER = "$(TEST_HOST)";
				CODE_SIGN_STYLE = Automatic;
				CURRENT_PROJECT_VERSION = 1;
				GENERATE_INFOPLIST_FILE = YES;
				MARKETING_VERSION = 1.0;
				PRODUCT_BUNDLE_IDENTIFIER = hares.devVRPlanTests;
				PRODUCT_NAME = "$(TARGET_NAME)";
				SUPPORTED_PLATFORMS = "xros xrsimulator";
				SWIFT_EMIT_LOC_STRINGS = NO;
				SWIFT_VERSION = 5.0;
				TARGETED_DEVICE_FAMILY = 7;
				TEST_HOST = "$(BUILT_PRODUCTS_DIR)/devVRPlan.app/$(BUNDLE_EXECUTABLE_FOLDER_PATH)/devVRPlan";
				XROS_DEPLOYMENT_TARGET = 2.5;
			};
			name = Release;
		};
/* End XCBuildConfiguration section */

/* Begin XCConfigurationList section */
		60E865D82E7534D60052A618 /* Build configuration list for PBXProject "developmentVR" */ = {
			isa = XCConfigurationList;
			buildConfigurations = (
				60E865FF2E7534DA0052A618 /* Debug */,
				60E866002E7534DA0052A618 /* Release */,
			);
			defaultConfigurationIsVisible = 0;
			defaultConfigurationName = Release;
		};
		60E865FC2E7534DA0052A618 /* Build configuration list for PBXNativeTarget "developmentVR" */ = {
			isa = XCConfigurationList;
			buildConfigurations = (
				60E865FD2E7534DA0052A618 /* Debug */,
				60E865FE2E7534DA0052A618 /* Release */,
			);
			defaultConfigurationIsVisible = 0;
			defaultConfigurationName = Release;
		};
		60E866012E7534DA0052A618 /* Build configuration list for PBXNativeTarget "developmentVRTests" */ = {
			isa = XCConfigurationList;
			buildConfigurations = (
				60E866022E7534DA0052A618 /* Debug */,
				60E866032E7534DA0052A618 /* Release */,
			);
			defaultConfigurationIsVisible = 0;
			defaultConfigurationName = Release;
		};
		60E866BE2E75AF7F0052A618 /* Build configuration list for PBXNativeTarget "devVRPlan" */ = {
			isa = XCConfigurationList;
			buildConfigurations = (
				60E866B92E75AF7F0052A618 /* Debug */,
				60E866BA2E75AF7F0052A618 /* Release */,
			);
			defaultConfigurationIsVisible = 0;
			defaultConfigurationName = Release;
		};
		60E866BF2E75AF7F0052A618 /* Build configuration list for PBXNativeTarget "devVRPlanTests" */ = {
			isa = XCConfigurationList;
			buildConfigurations = (
				60E866BB2E75AF7F0052A618 /* Debug */,
				60E866BC2E75AF7F0052A618 /* Release */,
			);
			defaultConfigurationIsVisible = 0;
			defaultConfigurationName = Release;
		};
/* End XCConfigurationList section */

/* Begin XCSwiftPackageProductDependency section */
		60E865E22E7534D60052A618 /* RealityKitContent */ = {
			isa = XCSwiftPackageProductDependency;
			productName = RealityKitContent;
		};
		60E866A02E75AF7C0052A618 /* RealityKitContent */ = {
			isa = XCSwiftPackageProductDependency;
			productName = RealityKitContent;
		};
/* End XCSwiftPackageProductDependency section */
	};
	rootObject = 60E865D52E7534D60052A618 /* Project object */;
}
